# This file is automatically @generated by Poetry 1.8.3 and should not be changed by hand.

[[package]]
name = "grpcio"
version = "1.65.5"
description = "HTTP/2-based RPC framework"
optional = false
python-versions = ">=3.8"
files = [
    {file = "grpcio-1.65.5-cp310-cp310-linux_armv7l.whl", hash = "sha256:b67d450f1e008fedcd81e097a3a400a711d8be1a8b20f852a7b8a73fead50fe3"},
    {file = "grpcio-1.65.5-cp310-cp310-macosx_12_0_universal2.whl", hash = "sha256:a70a20eed87bba647a38bedd93b3ce7db64b3f0e8e0952315237f7f5ca97b02d"},
    {file = "grpcio-1.65.5-cp310-cp310-manylinux_2_17_aarch64.whl", hash = "sha256:f79c87c114bf37adf408026b9e2e333fe9ff31dfc9648f6f80776c513145c813"},
    {file = "grpcio-1.65.5-cp310-cp310-manylinux_2_17_i686.manylinux2014_i686.whl", hash = "sha256:f17f9fa2d947dbfaca01b3ab2c62eefa8240131fdc67b924eb42ce6032e3e5c1"},
    {file = "grpcio-1.65.5-cp310-cp310-manylinux_2_17_x86_64.manylinux2014_x86_64.whl", hash = "sha256:32d60e18ff7c34fe3f6db3d35ad5c6dc99f5b43ff3982cb26fad4174462d10b1"},
    {file = "grpcio-1.65.5-cp310-cp310-musllinux_1_1_i686.whl", hash = "sha256:fe6505376f5b00bb008e4e1418152e3ad3d954b629da286c7913ff3cfc0ff740"},
    {file = "grpcio-1.65.5-cp310-cp310-musllinux_1_1_x86_64.whl", hash = "sha256:33158e56c6378063923c417e9fbdb28660b6e0e2835af42e67f5a7793f587af7"},
    {file = "grpcio-1.65.5-cp310-cp310-win32.whl", hash = "sha256:1cbc208edb9acf1cc339396a1a36b83796939be52f34e591c90292045b579fbf"},
    {file = "grpcio-1.65.5-cp310-cp310-win_amd64.whl", hash = "sha256:bc74f3f745c37e2c5685c9d2a2d5a94de00f286963f5213f763ae137bf4f2358"},
    {file = "grpcio-1.65.5-cp311-cp311-linux_armv7l.whl", hash = "sha256:3207ae60d07e5282c134b6e02f9271a2cb523c6d7a346c6315211fe2bf8d61ed"},
    {file = "grpcio-1.65.5-cp311-cp311-macosx_10_9_universal2.whl", hash = "sha256:a2f80510f99f82d4eb825849c486df703f50652cea21c189eacc2b84f2bde764"},
    {file = "grpcio-1.65.5-cp311-cp311-manylinux_2_17_aarch64.whl", hash = "sha256:a80e9a5e3f93c54f5eb82a3825ea1fc4965b2fa0026db2abfecb139a5c4ecdf1"},
    {file = "grpcio-1.65.5-cp311-cp311-manylinux_2_17_i686.manylinux2014_i686.whl", hash = "sha256:0b2944390a496567de9e70418f3742b477d85d8ca065afa90432edc91b4bb8ad"},
    {file = "grpcio-1.65.5-cp311-cp311-manylinux_2_17_x86_64.manylinux2014_x86_64.whl", hash = "sha256:c3655139d7be213c32c79ef6fb2367cae28e56ef68e39b1961c43214b457f257"},
    {file = "grpcio-1.65.5-cp311-cp311-musllinux_1_1_i686.whl", hash = "sha256:05f02d68fc720e085f061b704ee653b181e6d5abfe315daef085719728d3d1fd"},
    {file = "grpcio-1.65.5-cp311-cp311-musllinux_1_1_x86_64.whl", hash = "sha256:1c4caafe71aef4dabf53274bbf4affd6df651e9f80beedd6b8e08ff438ed3260"},
    {file = "grpcio-1.65.5-cp311-cp311-win32.whl", hash = "sha256:84c901cdec16a092099f251ef3360d15e29ef59772150fa261d94573612539b5"},
    {file = "grpcio-1.65.5-cp311-cp311-win_amd64.whl", hash = "sha256:11f8b16121768c1cb99d7dcb84e01510e60e6a206bf9123e134118802486f035"},
    {file = "grpcio-1.65.5-cp312-cp312-linux_armv7l.whl", hash = "sha256:ee6ed64a27588a2c94e8fa84fe8f3b5c89427d4d69c37690903d428ec61ca7e4"},
    {file = "grpcio-1.65.5-cp312-cp312-macosx_10_9_universal2.whl", hash = "sha256:76991b7a6fb98630a3328839755181ce7c1aa2b1842aa085fd4198f0e5198960"},
    {file = "grpcio-1.65.5-cp312-cp312-manylinux_2_17_aarch64.whl", hash = "sha256:89c00a18801b1ed9cc441e29b521c354725d4af38c127981f2c950c796a09b6e"},
    {file = "grpcio-1.65.5-cp312-cp312-manylinux_2_17_i686.manylinux2014_i686.whl", hash = "sha256:078038e150a897e5e402ed3d57f1d31ebf604cbed80f595bd281b5da40762a92"},
    {file = "grpcio-1.65.5-cp312-cp312-manylinux_2_17_x86_64.manylinux2014_x86_64.whl", hash = "sha256:c97962720489ef31b5ad8a916e22bc31bba3664e063fb9f6702dce056d4aa61b"},
    {file = "grpcio-1.65.5-cp312-cp312-musllinux_1_1_i686.whl", hash = "sha256:b8270b15b99781461b244f5c81d5c2bc9696ab9189fb5ff86c841417fb3b39fe"},
    {file = "grpcio-1.65.5-cp312-cp312-musllinux_1_1_x86_64.whl", hash = "sha256:8e5c4c15ac3fe1eb68e46bc51e66ad29be887479f231f8237cf8416058bf0cc1"},
    {file = "grpcio-1.65.5-cp312-cp312-win32.whl", hash = "sha256:f5b5970341359341d0e4c789da7568264b2a89cd976c05ea476036852b5950cd"},
    {file = "grpcio-1.65.5-cp312-cp312-win_amd64.whl", hash = "sha256:238a625f391a1b9f5f069bdc5930f4fd71b74426bea52196fc7b83f51fa97d34"},
    {file = "grpcio-1.65.5-cp38-cp38-linux_armv7l.whl", hash = "sha256:6c4e62bcf297a1568f627f39576dbfc27f1e5338a691c6dd5dd6b3979da51d1c"},
    {file = "grpcio-1.65.5-cp38-cp38-macosx_10_9_universal2.whl", hash = "sha256:d7df567b67d16d4177835a68d3f767bbcbad04da9dfb52cbd19171f430c898bd"},
    {file = "grpcio-1.65.5-cp38-cp38-manylinux_2_17_aarch64.whl", hash = "sha256:b7ca419f1462390851eec395b2089aad1e49546b52d4e2c972ceb76da69b10f8"},
    {file = "grpcio-1.65.5-cp38-cp38-manylinux_2_17_i686.manylinux2014_i686.whl", hash = "sha256:fa36dd8496d3af0d40165252a669fa4f6fd2db4b4026b9a9411cbf060b9d6a15"},
    {file = "grpcio-1.65.5-cp38-cp38-manylinux_2_17_x86_64.manylinux2014_x86_64.whl", hash = "sha256:a101696f9ece90a0829988ff72f1b1ea2358f3df035bdf6d675dd8b60c2c0894"},
    {file = "grpcio-1.65.5-cp38-cp38-musllinux_1_1_i686.whl", hash = "sha256:2a6d8169812932feac514b420daffae8ab8e36f90f3122b94ae767e633296b17"},
    {file = "grpcio-1.65.5-cp38-cp38-musllinux_1_1_x86_64.whl", hash = "sha256:47d0aaaab82823f0aa6adea5184350b46e2252e13a42a942db84da5b733f2e05"},
    {file = "grpcio-1.65.5-cp38-cp38-win32.whl", hash = "sha256:85ae8f8517d5bcc21fb07dbf791e94ed84cc28f84c903cdc2bd7eaeb437c8f45"},
    {file = "grpcio-1.65.5-cp38-cp38-win_amd64.whl", hash = "sha256:770bd4bd721961f6dd8049bc27338564ba8739913f77c0f381a9815e465ff965"},
    {file = "grpcio-1.65.5-cp39-cp39-linux_armv7l.whl", hash = "sha256:ab5ec837d8cee8dbce9ef6386125f119b231e4333cc6b6d57b6c5c7c82a72331"},
    {file = "grpcio-1.65.5-cp39-cp39-macosx_10_9_universal2.whl", hash = "sha256:cabd706183ee08d8026a015af5819a0b3a8959bdc9d1f6fdacd1810f09200f2a"},
    {file = "grpcio-1.65.5-cp39-cp39-manylinux_2_17_aarch64.whl", hash = "sha256:ec71fc5b39821ad7d80db7473c8f8c2910f3382f0ddadfbcfc2c6c437107eb67"},
    {file = "grpcio-1.65.5-cp39-cp39-manylinux_2_17_i686.manylinux2014_i686.whl", hash = "sha256:d3a9e35bcb045e39d7cac30464c285389b9a816ac2067e4884ad2c02e709ef8e"},
    {file = "grpcio-1.65.5-cp39-cp39-manylinux_2_17_x86_64.manylinux2014_x86_64.whl", hash = "sha256:d750e9330eb14236ca11b78d0c494eed13d6a95eb55472298f0e547c165ee324"},
    {file = "grpcio-1.65.5-cp39-cp39-musllinux_1_1_i686.whl", hash = "sha256:2b91ce647b6307f25650872454a4d02a2801f26a475f90d0b91ed8110baae589"},
    {file = "grpcio-1.65.5-cp39-cp39-musllinux_1_1_x86_64.whl", hash = "sha256:8da58ff80bc4556cf29bc03f5fff1f03b8387d6aaa7b852af9eb65b2cf833be4"},
    {file = "grpcio-1.65.5-cp39-cp39-win32.whl", hash = "sha256:7a412959aa5f08c5ac04aa7b7c3c041f5e4298cadd4fcc2acff195b56d185ebc"},
    {file = "grpcio-1.65.5-cp39-cp39-win_amd64.whl", hash = "sha256:55714ea852396ec9568f45f487639945ab674de83c12bea19d5ddbc3ae41ada3"},
    {file = "grpcio-1.65.5.tar.gz", hash = "sha256:ec6f219fb5d677a522b0deaf43cea6697b16f338cb68d009e30930c4aa0d2209"},
]

[package.extras]
protobuf = ["grpcio-tools (>=1.65.5)"]

[[package]]
name = "grpcio-reflection"
version = "1.62.1"
description = "Standard Protobuf Reflection Service for gRPC"
optional = false
python-versions = ">=3.6"
files = [
    {file = "grpcio-reflection-1.62.1.tar.gz", hash = "sha256:abd453001991871031315ef2d82affe93080c0433fa3a007be34bf427e28a88a"},
    {file = "grpcio_reflection-1.62.1-py3-none-any.whl", hash = "sha256:3eff85f74b6b40f8e6116e8363da1efccf775b7a063d2c6fd12c190bbb9676ed"},
]

[package.dependencies]
grpcio = ">=1.62.1"
protobuf = ">=4.21.6"

[[package]]
name = "grpcio-tools"
version = "1.62.1"
description = "Protobuf code generator for gRPC"
optional = false
python-versions = ">=3.7"
files = [
    {file = "grpcio-tools-1.62.1.tar.gz", hash = "sha256:a4991e5ee8a97ab791296d3bf7e8700b1445635cc1828cc98df945ca1802d7f2"},
    {file = "grpcio_tools-1.62.1-cp310-cp310-linux_armv7l.whl", hash = "sha256:f2b404bcae7e2ef9b0b9803b2a95119eb7507e6dc80ea4a64a78be052c30cebc"},
    {file = "grpcio_tools-1.62.1-cp310-cp310-macosx_12_0_universal2.whl", hash = "sha256:fdd987a580b4474769adfd40144486f54bcc73838d5ec5d3647a17883ea78e76"},
    {file = "grpcio_tools-1.62.1-cp310-cp310-manylinux_2_17_aarch64.whl", hash = "sha256:07af1a6442e2313cff22af93c2c4dd37ae32b5239b38e0d99e2cbf93de65429f"},
    {file = "grpcio_tools-1.62.1-cp310-cp310-manylinux_2_17_i686.manylinux2014_i686.whl", hash = "sha256:41384c9ee18e61ef20cad2774ef71bd8854b63efce263b5177aa06fccb84df1f"},
    {file = "grpcio_tools-1.62.1-cp310-cp310-manylinux_2_17_x86_64.manylinux2014_x86_64.whl", hash = "sha256:5c38006f7702d2ff52122e4c77a47348709374050c76216e84b30a9f06e45afa"},
    {file = "grpcio_tools-1.62.1-cp310-cp310-musllinux_1_1_i686.whl", hash = "sha256:08fecc3c5b4e6dd3278f2b9d12837e423c7dcff551ca1e587018b4a0fc5f8019"},
    {file = "grpcio_tools-1.62.1-cp310-cp310-musllinux_1_1_x86_64.whl", hash = "sha256:a01e8dcd0f041f6fa6d815c54a2017d032950e310c41d514a8bc041e872c4d12"},
    {file = "grpcio_tools-1.62.1-cp310-cp310-win32.whl", hash = "sha256:dd933b8e0b3c13fe3543d58f849a6a5e0d7987688cb6801834278378c724f695"},
    {file = "grpcio_tools-1.62.1-cp310-cp310-win_amd64.whl", hash = "sha256:2b04844a9382f1bde4b4174e476e654ab3976168d2469cb4b29e352f4f35a5aa"},
    {file = "grpcio_tools-1.62.1-cp311-cp311-linux_armv7l.whl", hash = "sha256:024380536ba71a96cdf736f0954f6ad03f5da609c09edbcc2ca02fdd639e0eed"},
    {file = "grpcio_tools-1.62.1-cp311-cp311-macosx_10_10_universal2.whl", hash = "sha256:21f14b99e0cd38ad56754cc0b62b2bf3cf75f9f7fc40647da54669e0da0726fe"},
    {file = "grpcio_tools-1.62.1-cp311-cp311-manylinux_2_17_aarch64.whl", hash = "sha256:975ac5fb482c23f3608c16e06a43c8bab4d79c2e2564cdbc25cf753c6e998775"},
    {file = "grpcio_tools-1.62.1-cp311-cp311-manylinux_2_17_i686.manylinux2014_i686.whl", hash = "sha256:50739aaab0c8076ad5957204e71f2e0c9876e11fd8338f7f09de12c2d75163c5"},
    {file = "grpcio_tools-1.62.1-cp311-cp311-manylinux_2_17_x86_64.manylinux2014_x86_64.whl", hash = "sha256:598c54318f0326cf5020aa43fc95a15e933aba4a71943d3bff2677d2d21ddfa1"},
    {file = "grpcio_tools-1.62.1-cp311-cp311-musllinux_1_1_i686.whl", hash = "sha256:f309bdb33a61f8e049480d41498ee2e525cfb5e959958b326abfdf552bf9b9cb"},
    {file = "grpcio_tools-1.62.1-cp311-cp311-musllinux_1_1_x86_64.whl", hash = "sha256:f358effd3c11d66c150e0227f983d54a5cd30e14038566dadcf25f9f6844e6e8"},
    {file = "grpcio_tools-1.62.1-cp311-cp311-win32.whl", hash = "sha256:b76aead9b73f1650a091870fe4e9ed15ac4d8ed136f962042367255199c23594"},
    {file = "grpcio_tools-1.62.1-cp311-cp311-win_amd64.whl", hash = "sha256:d66a5d47eaa427039752fa0a83a425ff2a487b6a0ac30556fd3be2f3a27a0130"},
    {file = "grpcio_tools-1.62.1-cp312-cp312-linux_armv7l.whl", hash = "sha256:575535d039b97d63e6a9abee626d6c7cd47bd8cb73dd00a5c84a98254a2164a4"},
    {file = "grpcio_tools-1.62.1-cp312-cp312-macosx_10_10_universal2.whl", hash = "sha256:22644c90e43d1a888477899af917979e17364fdd6e9bbb92679cd6a54c4d36c3"},
    {file = "grpcio_tools-1.62.1-cp312-cp312-manylinux_2_17_aarch64.whl", hash = "sha256:156d3e1b227c16e903003a56881dbe60e40f2b4bd66f0bc3b27c53e466e6384d"},
    {file = "grpcio_tools-1.62.1-cp312-cp312-manylinux_2_17_i686.manylinux2014_i686.whl", hash = "sha256:5ad7c5691625a85327e5b683443baf73ae790fd5afc938252041ed5cd665e377"},
    {file = "grpcio_tools-1.62.1-cp312-cp312-manylinux_2_17_x86_64.manylinux2014_x86_64.whl", hash = "sha256:0e140bbc08eea8abf51c0274f45fb1e8350220e64758998d7f3c7f985a0b2496"},
    {file = "grpcio_tools-1.62.1-cp312-cp312-musllinux_1_1_i686.whl", hash = "sha256:7444fcab861911525470d398e5638b70d5cbea3b4674a3de92b5c58c5c515d4d"},
    {file = "grpcio_tools-1.62.1-cp312-cp312-musllinux_1_1_x86_64.whl", hash = "sha256:e643cd14a5d1e59865cba68a5a6f0175d987f36c5f4cb0db80dee9ed60b4c174"},
    {file = "grpcio_tools-1.62.1-cp312-cp312-win32.whl", hash = "sha256:1344a773d2caa9bb7fbea7e879b84f33740c808c34a5bd2a2768e526117a6b44"},
    {file = "grpcio_tools-1.62.1-cp312-cp312-win_amd64.whl", hash = "sha256:2eea1db3748b2f37b4dce84d8e0c15d9bc811094807cabafe7b0ea47f424dfd5"},
    {file = "grpcio_tools-1.62.1-cp37-cp37m-linux_armv7l.whl", hash = "sha256:45d2e6cf04d27286b6f73e6e20ba3f0a1f6d8f5535e5dcb1356200419bb457f4"},
    {file = "grpcio_tools-1.62.1-cp37-cp37m-macosx_10_10_universal2.whl", hash = "sha256:46ae58e6926773e7315e9005f0f17aacedbc0895a8752bec087d24efa2f1fb21"},
    {file = "grpcio_tools-1.62.1-cp37-cp37m-manylinux_2_17_aarch64.whl", hash = "sha256:4c28086df31478023a36f45e50767872ab3aed2419afff09814cb61c88b77db4"},
    {file = "grpcio_tools-1.62.1-cp37-cp37m-manylinux_2_17_i686.manylinux2014_i686.whl", hash = "sha256:a4fba5b339f4797548591036c9481e6895bf920fab7d3dc664d2697f8fb7c0bf"},
    {file = "grpcio_tools-1.62.1-cp37-cp37m-manylinux_2_17_x86_64.manylinux2014_x86_64.whl", hash = "sha256:23eb3d47f78f509fcd201749b1f1e44b76f447913f7fbb3b8bae20f109086295"},
    {file = "grpcio_tools-1.62.1-cp37-cp37m-musllinux_1_1_i686.whl", hash = "sha256:fd5d47707bd6bc2b707ece765c362d2a1d2e8f6cd92b04c99fab49a929f3610c"},
    {file = "grpcio_tools-1.62.1-cp37-cp37m-musllinux_1_1_x86_64.whl", hash = "sha256:d1924a6a943df7c73b9ef0048302327c75962b567451479710da729ead241228"},
    {file = "grpcio_tools-1.62.1-cp37-cp37m-win_amd64.whl", hash = "sha256:fe71ca30aabe42591e84ecb9694c0297dc699cc20c5b24d2cb267fb0fc01f947"},
    {file = "grpcio_tools-1.62.1-cp38-cp38-linux_armv7l.whl", hash = "sha256:1819fd055c1ae672d1d725ec75eefd1f700c18acba0ed9332202be31d69c401d"},
    {file = "grpcio_tools-1.62.1-cp38-cp38-macosx_10_10_universal2.whl", hash = "sha256:5dbe1f7481dd14b6d477b4bace96d275090bc7636b9883975a08b802c94e7b78"},
    {file = "grpcio_tools-1.62.1-cp38-cp38-manylinux_2_17_aarch64.whl", hash = "sha256:771c051c5ece27ad03e4f2e33624a925f0ad636c01757ab7dbb04a37964af4ba"},
    {file = "grpcio_tools-1.62.1-cp38-cp38-manylinux_2_17_i686.manylinux2014_i686.whl", hash = "sha256:98209c438b38b6f1276dbc27b1c04e346a75bfaafe72a25a548f2dc5ce71d226"},
    {file = "grpcio_tools-1.62.1-cp38-cp38-manylinux_2_17_x86_64.manylinux2014_x86_64.whl", hash = "sha256:2152308e5321cb90fb45aaa84d03d6dedb19735a8779aaf36c624f97b831842d"},
    {file = "grpcio_tools-1.62.1-cp38-cp38-musllinux_1_1_i686.whl", hash = "sha256:ed1f27dc2b2262c8b8d9036276619c1bb18791311c16ccbf1f31b660f2aad7cf"},
    {file = "grpcio_tools-1.62.1-cp38-cp38-musllinux_1_1_x86_64.whl", hash = "sha256:2744947b6c5e907af21133431809ccca535a037356864e32c122efed8cb9de1f"},
    {file = "grpcio_tools-1.62.1-cp38-cp38-win32.whl", hash = "sha256:13b20e269d14ad629ff9a2c9a2450f3dbb119d5948de63b27ffe624fa7aea85a"},
    {file = "grpcio_tools-1.62.1-cp38-cp38-win_amd64.whl", hash = "sha256:999823758e9eacd0095863d06cd6d388be769f80c9abb65cdb11c4f2cfce3fea"},
    {file = "grpcio_tools-1.62.1-cp39-cp39-linux_armv7l.whl", hash = "sha256:941f8a5c31986053e75fa466bcfa743c2bf1b513b7978cf1f4ab4e96a8219d27"},
    {file = "grpcio_tools-1.62.1-cp39-cp39-macosx_10_10_universal2.whl", hash = "sha256:b9c02c88c77ef6057c6cbeea8922d7c2424aabf46bfc40ddf42a32765ba91061"},
    {file = "grpcio_tools-1.62.1-cp39-cp39-manylinux_2_17_aarch64.whl", hash = "sha256:6abd4eb3ccb444383a40156139acc3aaa73745d395139cb6bc8e2a3429e1e627"},
    {file = "grpcio_tools-1.62.1-cp39-cp39-manylinux_2_17_i686.manylinux2014_i686.whl", hash = "sha256:449503213d142f8470b331a1c2f346f8457f16c7fe20f531bc2500e271f7c14c"},
    {file = "grpcio_tools-1.62.1-cp39-cp39-manylinux_2_17_x86_64.manylinux2014_x86_64.whl", hash = "sha256:9a11bcf609d00cfc9baed77ab308223cabc1f0b22a05774a26dd4c94c0c80f1f"},
    {file = "grpcio_tools-1.62.1-cp39-cp39-musllinux_1_1_i686.whl", hash = "sha256:5d7bdea33354b55acf40bb4dd3ba7324d6f1ef6b4a1a4da0807591f8c7e87b9a"},
    {file = "grpcio_tools-1.62.1-cp39-cp39-musllinux_1_1_x86_64.whl", hash = "sha256:d03b645852d605f43003020e78fe6d573cae6ee6b944193e36b8b317e7549a20"},
    {file = "grpcio_tools-1.62.1-cp39-cp39-win32.whl", hash = "sha256:52b185dfc3bf32e70929310367dbc66185afba60492a6a75a9b1141d407e160c"},
    {file = "grpcio_tools-1.62.1-cp39-cp39-win_amd64.whl", hash = "sha256:63a273b70896d3640b7a883eb4a080c3c263d91662d870a2e9c84b7bbd978e7b"},
]

[package.dependencies]
grpcio = ">=1.62.1"
protobuf = ">=4.21.6,<5.0dev"
setuptools = "*"

[[package]]
name = "protobuf"
version = "4.25.3"
description = ""
optional = false
python-versions = ">=3.8"
files = [
    {file = "protobuf-4.25.3-cp310-abi3-win32.whl", hash = "sha256:d4198877797a83cbfe9bffa3803602bbe1625dc30d8a097365dbc762e5790faa"},
    {file = "protobuf-4.25.3-cp310-abi3-win_amd64.whl", hash = "sha256:209ba4cc916bab46f64e56b85b090607a676f66b473e6b762e6f1d9d591eb2e8"},
    {file = "protobuf-4.25.3-cp37-abi3-macosx_10_9_universal2.whl", hash = "sha256:f1279ab38ecbfae7e456a108c5c0681e4956d5b1090027c1de0f934dfdb4b35c"},
    {file = "protobuf-4.25.3-cp37-abi3-manylinux2014_aarch64.whl", hash = "sha256:e7cb0ae90dd83727f0c0718634ed56837bfeeee29a5f82a7514c03ee1364c019"},
    {file = "protobuf-4.25.3-cp37-abi3-manylinux2014_x86_64.whl", hash = "sha256:7c8daa26095f82482307bc717364e7c13f4f1c99659be82890dcfc215194554d"},
    {file = "protobuf-4.25.3-cp38-cp38-win32.whl", hash = "sha256:f4f118245c4a087776e0a8408be33cf09f6c547442c00395fbfb116fac2f8ac2"},
    {file = "protobuf-4.25.3-cp38-cp38-win_amd64.whl", hash = "sha256:c053062984e61144385022e53678fbded7aea14ebb3e0305ae3592fb219ccfa4"},
    {file = "protobuf-4.25.3-cp39-cp39-win32.whl", hash = "sha256:19b270aeaa0099f16d3ca02628546b8baefe2955bbe23224aaf856134eccf1e4"},
    {file = "protobuf-4.25.3-cp39-cp39-win_amd64.whl", hash = "sha256:e3c97a1555fd6388f857770ff8b9703083de6bf1f9274a002a332d65fbb56c8c"},
    {file = "protobuf-4.25.3-py3-none-any.whl", hash = "sha256:f0700d54bcf45424477e46a9f0944155b46fb0639d69728739c0e47bab83f2b9"},
    {file = "protobuf-4.25.3.tar.gz", hash = "sha256:25b5d0b42fd000320bd7830b349e3b696435f3b329810427a6bcce6a5492cc5c"},
]

[[package]]
name = "pyjwt"
version = "2.8.0"
description = "JSON Web Token implementation in Python"
optional = false
python-versions = ">=3.7"
files = [
    {file = "PyJWT-2.8.0-py3-none-any.whl", hash = "sha256:59127c392cc44c2da5bb3192169a91f429924e17aff6534d70fdc02ab3e04320"},
    {file = "PyJWT-2.8.0.tar.gz", hash = "sha256:57e28d156e3d5c10088e0c68abb90bfac3df82b40a71bd0daa20c65ccd5c23de"},
]

[package.extras]
crypto = ["cryptography (>=3.4.0)"]
dev = ["coverage[toml] (==5.0.4)", "cryptography (>=3.4.0)", "pre-commit", "pytest (>=6.0.0,<7.0.0)", "sphinx (>=4.5.0,<5.0.0)", "sphinx-rtd-theme", "zope.interface"]
docs = ["sphinx (>=4.5.0,<5.0.0)", "sphinx-rtd-theme", "zope.interface"]
tests = ["coverage[toml] (==5.0.4)", "pytest (>=6.0.0,<7.0.0)"]

[[package]]
name = "python-dotenv"
version = "1.0.1"
description = "Read key-value pairs from a .env file and set them as environment variables"
optional = false
python-versions = ">=3.8"
files = [
    {file = "python-dotenv-1.0.1.tar.gz", hash = "sha256:e324ee90a023d808f1959c46bcbc04446a10ced277783dc6ee09987c37ec10ca"},
    {file = "python_dotenv-1.0.1-py3-none-any.whl", hash = "sha256:f7b63ef50f1b690dddf550d03497b66d609393b40b564ed0d674909a68ebf16a"},
]

[package.extras]
cli = ["click (>=5.0)"]

[[package]]
name = "redis"
version = "5.0.3"
description = "Python client for Redis database and key-value store"
optional = false
python-versions = ">=3.7"
files = [
    {file = "redis-5.0.3-py3-none-any.whl", hash = "sha256:5da9b8fe9e1254293756c16c008e8620b3d15fcc6dde6babde9541850e72a32d"},
    {file = "redis-5.0.3.tar.gz", hash = "sha256:4973bae7444c0fbed64a06b87446f79361cb7e4ec1538c022d696ed7a5015580"},
]

[package.extras]
hiredis = ["hiredis (>=1.0.0)"]
ocsp = ["cryptography (>=36.0.1)", "pyopenssl (==20.0.1)", "requests (>=2.26.0)"]

[[package]]
name = "setuptools"
version = "69.2.0"
description = "Easily download, build, install, upgrade, and uninstall Python packages"
optional = false
python-versions = ">=3.8"
files = [
    {file = "setuptools-69.2.0-py3-none-any.whl", hash = "sha256:c21c49fb1042386df081cb5d86759792ab89efca84cf114889191cd09aacc80c"},
    {file = "setuptools-69.2.0.tar.gz", hash = "sha256:0ff4183f8f42cd8fa3acea16c45205521a4ef28f73c6391d8a25e92893134f2e"},
]

[package.extras]
docs = ["furo", "jaraco.packaging (>=9.3)", "jaraco.tidelift (>=1.4)", "pygments-github-lexers (==0.0.5)", "rst.linker (>=1.9)", "sphinx (<7.2.5)", "sphinx (>=3.5)", "sphinx-favicon", "sphinx-inline-tabs", "sphinx-lint", "sphinx-notfound-page (>=1,<2)", "sphinx-reredirects", "sphinxcontrib-towncrier"]
testing = ["build[virtualenv]", "filelock (>=3.4.0)", "importlib-metadata", "ini2toml[lite] (>=0.9)", "jaraco.develop (>=7.21)", "jaraco.envs (>=2.2)", "jaraco.path (>=3.2.0)", "mypy (==1.9)", "packaging (>=23.2)", "pip (>=19.1)", "pytest (>=6)", "pytest-checkdocs (>=2.4)", "pytest-cov", "pytest-enabler (>=2.2)", "pytest-home (>=0.5)", "pytest-mypy (>=0.9.1)", "pytest-perf", "pytest-ruff (>=0.2.1)", "pytest-timeout", "pytest-xdist (>=3)", "tomli", "tomli-w (>=1.0.0)", "virtualenv (>=13.0.0)", "wheel"]
testing-integration = ["build[virtualenv] (>=1.0.3)", "filelock (>=3.4.0)", "jaraco.envs (>=2.2)", "jaraco.path (>=3.2.0)", "packaging (>=23.2)", "pytest", "pytest-enabler", "pytest-xdist", "tomli", "virtualenv (>=13.0.0)", "wheel"]

[metadata]
lock-version = "2.0"
python-versions = "^3.12"
content-hash = "96884b40776bbe166f0a3c1a2fe6c482574e51d9244cf0a46351117266732720"
